// !$*UTF8*$!
{
	archiveVersion = 1;
	classes = {
	};
	objectVersion = 56;
	objects = {

/* Begin PBXBuildFile section */
		071DEA222AB8740400C78E30 /* Timestamp.swift in Sources */ = {isa = PBXBuildFile; fileRef = 071DEA212AB8740300C78E30 /* Timestamp.swift */; };
		071DEA252AB8756D00C78E30 /* Constants.swift in Sources */ = {isa = PBXBuildFile; fileRef = 071DEA242AB8756D00C78E30 /* Constants.swift */; };
		071DEA272AB8BCD900C78E30 /* ProfileViewModel.swift in Sources */ = {isa = PBXBuildFile; fileRef = 071DEA262AB8BCD900C78E30 /* ProfileViewModel.swift */; };
		071DEA292ABFA22F00C78E30 /* UserListConfig.swift in Sources */ = {isa = PBXBuildFile; fileRef = 071DEA282ABFA22F00C78E30 /* UserListConfig.swift */; };
		071DEA2D2ABFAA6100C78E30 /* UserListView.swift in Sources */ = {isa = PBXBuildFile; fileRef = 071DEA2C2ABFAA6100C78E30 /* UserListView.swift */; };
		071DEA312ABFAB1A00C78E30 /* UserListViewModel.swift in Sources */ = {isa = PBXBuildFile; fileRef = 071DEA302ABFAB1A00C78E30 /* UserListViewModel.swift */; };
		07DE63212AA77A85003C9537 /* InstagramCloneApp.swift in Sources */ = {isa = PBXBuildFile; fileRef = 07DE63202AA77A85003C9537 /* InstagramCloneApp.swift */; };
		07DE63232AA77A85003C9537 /* ContentView.swift in Sources */ = {isa = PBXBuildFile; fileRef = 07DE63222AA77A85003C9537 /* ContentView.swift */; };
		07DE63252AA77A85003C9537 /* Assets.xcassets in Resources */ = {isa = PBXBuildFile; fileRef = 07DE63242AA77A85003C9537 /* Assets.xcassets */; };
		07DE63282AA77A85003C9537 /* Preview Assets.xcassets in Resources */ = {isa = PBXBuildFile; fileRef = 07DE63272AA77A85003C9537 /* Preview Assets.xcassets */; };
		07DE633B2AA77ECD003C9537 /* MainTabView.swift in Sources */ = {isa = PBXBuildFile; fileRef = 07DE633A2AA77ECD003C9537 /* MainTabView.swift */; };
		07DE633D2AA780A0003C9537 /* ProfileView.swift in Sources */ = {isa = PBXBuildFile; fileRef = 07DE633C2AA780A0003C9537 /* ProfileView.swift */; };
		07DE63402AA786FB003C9537 /* UserStatView.swift in Sources */ = {isa = PBXBuildFile; fileRef = 07DE633F2AA786FB003C9537 /* UserStatView.swift */; };
		07DE63422AA78E40003C9537 /* FeedView.swift in Sources */ = {isa = PBXBuildFile; fileRef = 07DE63412AA78E40003C9537 /* FeedView.swift */; };
		07DE63442AA78E55003C9537 /* FeedCell.swift in Sources */ = {isa = PBXBuildFile; fileRef = 07DE63432AA78E55003C9537 /* FeedCell.swift */; };
		07DE63462AA79605003C9537 /* SearchView.swift in Sources */ = {isa = PBXBuildFile; fileRef = 07DE63452AA79605003C9537 /* SearchView.swift */; };
		07DE63482AA79932003C9537 /* LoginView.swift in Sources */ = {isa = PBXBuildFile; fileRef = 07DE63472AA79932003C9537 /* LoginView.swift */; };
		07DE634A2AA79DE0003C9537 /* AddEmailView.swift in Sources */ = {isa = PBXBuildFile; fileRef = 07DE63492AA79DE0003C9537 /* AddEmailView.swift */; };
		07DE634F2AA7C01D003C9537 /* IGTextFieldModifier.swift in Sources */ = {isa = PBXBuildFile; fileRef = 07DE634E2AA7C01D003C9537 /* IGTextFieldModifier.swift */; };
		07DE63512AA7C124003C9537 /* CreateUsernameView.swift in Sources */ = {isa = PBXBuildFile; fileRef = 07DE63502AA7C124003C9537 /* CreateUsernameView.swift */; };
		07DE63532AA7C34F003C9537 /* CreatePasswordView.swift in Sources */ = {isa = PBXBuildFile; fileRef = 07DE63522AA7C34F003C9537 /* CreatePasswordView.swift */; };
		07DE63552AA7C4CF003C9537 /* CompleteSignUpView.swift in Sources */ = {isa = PBXBuildFile; fileRef = 07DE63542AA7C4CF003C9537 /* CompleteSignUpView.swift */; };
		07DE63572AA7C87D003C9537 /* User.swift in Sources */ = {isa = PBXBuildFile; fileRef = 07DE63562AA7C87D003C9537 /* User.swift */; };
		07DE63592AA7D19D003C9537 /* CurrentUserProfileView.swift in Sources */ = {isa = PBXBuildFile; fileRef = 07DE63582AA7D19D003C9537 /* CurrentUserProfileView.swift */; };
		07DE635B2AA89398003C9537 /* Post.swift in Sources */ = {isa = PBXBuildFile; fileRef = 07DE635A2AA89398003C9537 /* Post.swift */; };
		07DE635D2AA89E36003C9537 /* PostGridView.swift in Sources */ = {isa = PBXBuildFile; fileRef = 07DE635C2AA89E36003C9537 /* PostGridView.swift */; };
		07DE635F2AA8A1EE003C9537 /* ProfileHeaderView.swift in Sources */ = {isa = PBXBuildFile; fileRef = 07DE635E2AA8A1EE003C9537 /* ProfileHeaderView.swift */; };
		07DE63612AA8A37B003C9537 /* UploadPostView.swift in Sources */ = {isa = PBXBuildFile; fileRef = 07DE63602AA8A37B003C9537 /* UploadPostView.swift */; };
		07DE63632AA8B626003C9537 /* UploadPostViewModel.swift in Sources */ = {isa = PBXBuildFile; fileRef = 07DE63622AA8B626003C9537 /* UploadPostViewModel.swift */; };
		07DE63652AA8DA56003C9537 /* GoogleService-Info.plist in Resources */ = {isa = PBXBuildFile; fileRef = 07DE63642AA8DA56003C9537 /* GoogleService-Info.plist */; };
		07DE63672AA8DA79003C9537 /* GoogleService-Info.plist in Resources */ = {isa = PBXBuildFile; fileRef = 07DE63662AA8DA79003C9537 /* GoogleService-Info.plist */; };
		07DE636A2AA8DB9D003C9537 /* FirebaseAuth in Frameworks */ = {isa = PBXBuildFile; productRef = 07DE63692AA8DB9D003C9537 /* FirebaseAuth */; };
		07DE636C2AA8DB9D003C9537 /* FirebaseFirestore in Frameworks */ = {isa = PBXBuildFile; productRef = 07DE636B2AA8DB9D003C9537 /* FirebaseFirestore */; };
		07DE636E2AA8DB9D003C9537 /* FirebaseFirestoreSwift in Frameworks */ = {isa = PBXBuildFile; productRef = 07DE636D2AA8DB9D003C9537 /* FirebaseFirestoreSwift */; };
		07DE63702AA8DB9D003C9537 /* FirebaseStorage in Frameworks */ = {isa = PBXBuildFile; productRef = 07DE636F2AA8DB9D003C9537 /* FirebaseStorage */; };
		07DE63742AA8DDB1003C9537 /* AuthService.swift in Sources */ = {isa = PBXBuildFile; fileRef = 07DE63732AA8DDB1003C9537 /* AuthService.swift */; };
		07DE63782AA8DF06003C9537 /* ContentViewModel.swift in Sources */ = {isa = PBXBuildFile; fileRef = 07DE63772AA8DF06003C9537 /* ContentViewModel.swift */; };
		07DE637B2AA8E327003C9537 /* RegistrationViewModel.swift in Sources */ = {isa = PBXBuildFile; fileRef = 07DE637A2AA8E327003C9537 /* RegistrationViewModel.swift */; };
		07DE637D2AA8FCF1003C9537 /* LoginViewModel.swift in Sources */ = {isa = PBXBuildFile; fileRef = 07DE637C2AA8FCF1003C9537 /* LoginViewModel.swift */; };
		07DE637F2AA9109B003C9537 /* UserService.swift in Sources */ = {isa = PBXBuildFile; fileRef = 07DE637E2AA9109B003C9537 /* UserService.swift */; };
		07DE63832AA911AF003C9537 /* SearchViewModel.swift in Sources */ = {isa = PBXBuildFile; fileRef = 07DE63822AA911AF003C9537 /* SearchViewModel.swift */; };
		07DE63852AA95E14003C9537 /* EditProfileView.swift in Sources */ = {isa = PBXBuildFile; fileRef = 07DE63842AA95E14003C9537 /* EditProfileView.swift */; };
		07DE63872AA965E5003C9537 /* EditProfileViewModel.swift in Sources */ = {isa = PBXBuildFile; fileRef = 07DE63862AA965E5003C9537 /* EditProfileViewModel.swift */; };
		07DE638B2AA96FB5003C9537 /* ImageUploader.swift in Sources */ = {isa = PBXBuildFile; fileRef = 07DE638A2AA96FB5003C9537 /* ImageUploader.swift */; };
		07DE63902AAA2FAC003C9537 /* Kingfisher in Frameworks */ = {isa = PBXBuildFile; productRef = 07DE638F2AAA2FAC003C9537 /* Kingfisher */; };
		07DE63922AAA35F9003C9537 /* CircularProfileImageView.swift in Sources */ = {isa = PBXBuildFile; fileRef = 07DE63912AAA35F9003C9537 /* CircularProfileImageView.swift */; };
		07DE63982AAA41D8003C9537 /* FeedViewModel.swift in Sources */ = {isa = PBXBuildFile; fileRef = 07DE63972AAA41D8003C9537 /* FeedViewModel.swift */; };
		07DE639A2AAA61AB003C9537 /* PostService.swift in Sources */ = {isa = PBXBuildFile; fileRef = 07DE63992AAA61AB003C9537 /* PostService.swift */; };
		07DE639E2AAA64B9003C9537 /* PostGridViewModel.swift in Sources */ = {isa = PBXBuildFile; fileRef = 07DE639D2AAA64B9003C9537 /* PostGridViewModel.swift */; };
		07FBC30B2AB20F6500063EFF /* FeedCellViewModel.swift in Sources */ = {isa = PBXBuildFile; fileRef = 07FBC30A2AB20F6500063EFF /* FeedCellViewModel.swift */; };
		07FDD5B32AB3D8D90030AE1F /* CommentCell.swift in Sources */ = {isa = PBXBuildFile; fileRef = 07FDD5B22AB3D8D90030AE1F /* CommentCell.swift */; };
		07FDD5B52AB3DA110030AE1F /* CommentsView.swift in Sources */ = {isa = PBXBuildFile; fileRef = 07FDD5B42AB3DA110030AE1F /* CommentsView.swift */; };
		07FDD5B72AB49DCE0030AE1F /* Comment.swift in Sources */ = {isa = PBXBuildFile; fileRef = 07FDD5B62AB49DCE0030AE1F /* Comment.swift */; };
		07FDD5B92AB49EE50030AE1F /* CommentService.swift in Sources */ = {isa = PBXBuildFile; fileRef = 07FDD5B82AB49EE50030AE1F /* CommentService.swift */; };
		07FDD5BB2AB49EF60030AE1F /* CommentsViewModel.swift in Sources */ = {isa = PBXBuildFile; fileRef = 07FDD5BA2AB49EF60030AE1F /* CommentsViewModel.swift */; };
		07FDD5BD2AB4CA8C0030AE1F /* DeveloperPreview.swift in Sources */ = {isa = PBXBuildFile; fileRef = 07FDD5BC2AB4CA8C0030AE1F /* DeveloperPreview.swift */; };
/* End PBXBuildFile section */

/* Begin PBXFileReference section */
		071DEA212AB8740300C78E30 /* Timestamp.swift */ = {isa = PBXFileReference; lastKnownFileType = sourcecode.swift; path = Timestamp.swift; sourceTree = "<group>"; };
		071DEA242AB8756D00C78E30 /* Constants.swift */ = {isa = PBXFileReference; lastKnownFileType = sourcecode.swift; path = Constants.swift; sourceTree = "<group>"; };
		071DEA262AB8BCD900C78E30 /* ProfileViewModel.swift */ = {isa = PBXFileReference; lastKnownFileType = sourcecode.swift; path = ProfileViewModel.swift; sourceTree = "<group>"; };
		071DEA282ABFA22F00C78E30 /* UserListConfig.swift */ = {isa = PBXFileReference; lastKnownFileType = sourcecode.swift; path = UserListConfig.swift; sourceTree = "<group>"; };
		071DEA2C2ABFAA6100C78E30 /* UserListView.swift */ = {isa = PBXFileReference; lastKnownFileType = sourcecode.swift; path = UserListView.swift; sourceTree = "<group>"; };
		071DEA302ABFAB1A00C78E30 /* UserListViewModel.swift */ = {isa = PBXFileReference; lastKnownFileType = sourcecode.swift; path = UserListViewModel.swift; sourceTree = "<group>"; };
		07DE631D2AA77A85003C9537 /* InstagramClone.app */ = {isa = PBXFileReference; explicitFileType = wrapper.application; includeInIndex = 0; path = InstagramClone.app; sourceTree = BUILT_PRODUCTS_DIR; };
		07DE63202AA77A85003C9537 /* InstagramCloneApp.swift */ = {isa = PBXFileReference; lastKnownFileType = sourcecode.swift; path = InstagramCloneApp.swift; sourceTree = "<group>"; };
		07DE63222AA77A85003C9537 /* ContentView.swift */ = {isa = PBXFileReference; lastKnownFileType = sourcecode.swift; path = ContentView.swift; sourceTree = "<group>"; };
		07DE63242AA77A85003C9537 /* Assets.xcassets */ = {isa = PBXFileReference; lastKnownFileType = folder.assetcatalog; path = Assets.xcassets; sourceTree = "<group>"; };
		07DE63272AA77A85003C9537 /* Preview Assets.xcassets */ = {isa = PBXFileReference; lastKnownFileType = folder.assetcatalog; path = "Preview Assets.xcassets"; sourceTree = "<group>"; };
		07DE633A2AA77ECD003C9537 /* MainTabView.swift */ = {isa = PBXFileReference; lastKnownFileType = sourcecode.swift; path = MainTabView.swift; sourceTree = "<group>"; };
		07DE633C2AA780A0003C9537 /* ProfileView.swift */ = {isa = PBXFileReference; lastKnownFileType = sourcecode.swift; path = ProfileView.swift; sourceTree = "<group>"; };
		07DE633F2AA786FB003C9537 /* UserStatView.swift */ = {isa = PBXFileReference; lastKnownFileType = sourcecode.swift; path = UserStatView.swift; sourceTree = "<group>"; };
		07DE63412AA78E40003C9537 /* FeedView.swift */ = {isa = PBXFileReference; lastKnownFileType = sourcecode.swift; path = FeedView.swift; sourceTree = "<group>"; };
		07DE63432AA78E55003C9537 /* FeedCell.swift */ = {isa = PBXFileReference; lastKnownFileType = sourcecode.swift; path = FeedCell.swift; sourceTree = "<group>"; };
		07DE63452AA79605003C9537 /* SearchView.swift */ = {isa = PBXFileReference; lastKnownFileType = sourcecode.swift; path = SearchView.swift; sourceTree = "<group>"; };
		07DE63472AA79932003C9537 /* LoginView.swift */ = {isa = PBXFileReference; lastKnownFileType = sourcecode.swift; path = LoginView.swift; sourceTree = "<group>"; };
		07DE63492AA79DE0003C9537 /* AddEmailView.swift */ = {isa = PBXFileReference; lastKnownFileType = sourcecode.swift; path = AddEmailView.swift; sourceTree = "<group>"; };
		07DE634E2AA7C01D003C9537 /* IGTextFieldModifier.swift */ = {isa = PBXFileReference; lastKnownFileType = sourcecode.swift; path = IGTextFieldModifier.swift; sourceTree = "<group>"; };
		07DE63502AA7C124003C9537 /* CreateUsernameView.swift */ = {isa = PBXFileReference; lastKnownFileType = sourcecode.swift; path = CreateUsernameView.swift; sourceTree = "<group>"; };
		07DE63522AA7C34F003C9537 /* CreatePasswordView.swift */ = {isa = PBXFileReference; lastKnownFileType = sourcecode.swift; path = CreatePasswordView.swift; sourceTree = "<group>"; };
		07DE63542AA7C4CF003C9537 /* CompleteSignUpView.swift */ = {isa = PBXFileReference; lastKnownFileType = sourcecode.swift; path = CompleteSignUpView.swift; sourceTree = "<group>"; };
		07DE63562AA7C87D003C9537 /* User.swift */ = {isa = PBXFileReference; lastKnownFileType = sourcecode.swift; path = User.swift; sourceTree = "<group>"; };
		07DE63582AA7D19D003C9537 /* CurrentUserProfileView.swift */ = {isa = PBXFileReference; lastKnownFileType = sourcecode.swift; path = CurrentUserProfileView.swift; sourceTree = "<group>"; };
		07DE635A2AA89398003C9537 /* Post.swift */ = {isa = PBXFileReference; lastKnownFileType = sourcecode.swift; path = Post.swift; sourceTree = "<group>"; };
		07DE635C2AA89E36003C9537 /* PostGridView.swift */ = {isa = PBXFileReference; lastKnownFileType = sourcecode.swift; path = PostGridView.swift; sourceTree = "<group>"; };
		07DE635E2AA8A1EE003C9537 /* ProfileHeaderView.swift */ = {isa = PBXFileReference; lastKnownFileType = sourcecode.swift; path = ProfileHeaderView.swift; sourceTree = "<group>"; };
		07DE63602AA8A37B003C9537 /* UploadPostView.swift */ = {isa = PBXFileReference; lastKnownFileType = sourcecode.swift; path = UploadPostView.swift; sourceTree = "<group>"; };
		07DE63622AA8B626003C9537 /* UploadPostViewModel.swift */ = {isa = PBXFileReference; lastKnownFileType = sourcecode.swift; path = UploadPostViewModel.swift; sourceTree = "<group>"; };
		07DE63642AA8DA56003C9537 /* GoogleService-Info.plist */ = {isa = PBXFileReference; lastKnownFileType = text.plist; path = "GoogleService-Info.plist"; sourceTree = SOURCE_ROOT; };
		07DE63662AA8DA79003C9537 /* GoogleService-Info.plist */ = {isa = PBXFileReference; lastKnownFileType = text.plist; path = "GoogleService-Info.plist"; sourceTree = SOURCE_ROOT; };
		07DE63732AA8DDB1003C9537 /* AuthService.swift */ = {isa = PBXFileReference; lastKnownFileType = sourcecode.swift; path = AuthService.swift; sourceTree = "<group>"; };
		07DE63772AA8DF06003C9537 /* ContentViewModel.swift */ = {isa = PBXFileReference; lastKnownFileType = sourcecode.swift; path = ContentViewModel.swift; sourceTree = "<group>"; };
		07DE637A2AA8E327003C9537 /* RegistrationViewModel.swift */ = {isa = PBXFileReference; lastKnownFileType = sourcecode.swift; path = RegistrationViewModel.swift; sourceTree = "<group>"; };
		07DE637C2AA8FCF1003C9537 /* LoginViewModel.swift */ = {isa = PBXFileReference; lastKnownFileType = sourcecode.swift; path = LoginViewModel.swift; sourceTree = "<group>"; };
		07DE637E2AA9109B003C9537 /* UserService.swift */ = {isa = PBXFileReference; lastKnownFileType = sourcecode.swift; path = UserService.swift; sourceTree = "<group>"; };
		07DE63822AA911AF003C9537 /* SearchViewModel.swift */ = {isa = PBXFileReference; lastKnownFileType = sourcecode.swift; path = SearchViewModel.swift; sourceTree = "<group>"; };
		07DE63842AA95E14003C9537 /* EditProfileView.swift */ = {isa = PBXFileReference; lastKnownFileType = sourcecode.swift; path = EditProfileView.swift; sourceTree = "<group>"; };
		07DE63862AA965E5003C9537 /* EditProfileViewModel.swift */ = {isa = PBXFileReference; lastKnownFileType = sourcecode.swift; path = EditProfileViewModel.swift; sourceTree = "<group>"; };
		07DE638A2AA96FB5003C9537 /* ImageUploader.swift */ = {isa = PBXFileReference; lastKnownFileType = sourcecode.swift; path = ImageUploader.swift; sourceTree = "<group>"; };
		07DE63912AAA35F9003C9537 /* CircularProfileImageView.swift */ = {isa = PBXFileReference; lastKnownFileType = sourcecode.swift; path = CircularProfileImageView.swift; sourceTree = "<group>"; };
		07DE63972AAA41D8003C9537 /* FeedViewModel.swift */ = {isa = PBXFileReference; lastKnownFileType = sourcecode.swift; path = FeedViewModel.swift; sourceTree = "<group>"; };
		07DE63992AAA61AB003C9537 /* PostService.swift */ = {isa = PBXFileReference; lastKnownFileType = sourcecode.swift; path = PostService.swift; sourceTree = "<group>"; };
		07DE639D2AAA64B9003C9537 /* PostGridViewModel.swift */ = {isa = PBXFileReference; lastKnownFileType = sourcecode.swift; path = PostGridViewModel.swift; sourceTree = "<group>"; };
		07FBC30A2AB20F6500063EFF /* FeedCellViewModel.swift */ = {isa = PBXFileReference; lastKnownFileType = sourcecode.swift; path = FeedCellViewModel.swift; sourceTree = "<group>"; };
		07FDD5B22AB3D8D90030AE1F /* CommentCell.swift */ = {isa = PBXFileReference; lastKnownFileType = sourcecode.swift; path = CommentCell.swift; sourceTree = "<group>"; };
		07FDD5B42AB3DA110030AE1F /* CommentsView.swift */ = {isa = PBXFileReference; lastKnownFileType = sourcecode.swift; path = CommentsView.swift; sourceTree = "<group>"; };
		07FDD5B62AB49DCE0030AE1F /* Comment.swift */ = {isa = PBXFileReference; lastKnownFileType = sourcecode.swift; path = Comment.swift; sourceTree = "<group>"; };
		07FDD5B82AB49EE50030AE1F /* CommentService.swift */ = {isa = PBXFileReference; lastKnownFileType = sourcecode.swift; path = CommentService.swift; sourceTree = "<group>"; };
		07FDD5BA2AB49EF60030AE1F /* CommentsViewModel.swift */ = {isa = PBXFileReference; lastKnownFileType = sourcecode.swift; path = CommentsViewModel.swift; sourceTree = "<group>"; };
		07FDD5BC2AB4CA8C0030AE1F /* DeveloperPreview.swift */ = {isa = PBXFileReference; lastKnownFileType = sourcecode.swift; path = DeveloperPreview.swift; sourceTree = "<group>"; };
/* End PBXFileReference section */

/* Begin PBXFrameworksBuildPhase section */
		07DE631A2AA77A85003C9537 /* Frameworks */ = {
			isa = PBXFrameworksBuildPhase;
			buildActionMask = 2147483647;
			files = (
				07DE636A2AA8DB9D003C9537 /* FirebaseAuth in Frameworks */,
				07DE63702AA8DB9D003C9537 /* FirebaseStorage in Frameworks */,
				07DE636C2AA8DB9D003C9537 /* FirebaseFirestore in Frameworks */,
				07DE636E2AA8DB9D003C9537 /* FirebaseFirestoreSwift in Frameworks */,
				07DE63902AAA2FAC003C9537 /* Kingfisher in Frameworks */,
			);
			runOnlyForDeploymentPostprocessing = 0;
		};
/* End PBXFrameworksBuildPhase section */

/* Begin PBXGroup section */
		071DEA232AB8755200C78E30 /* Utils */ = {
			isa = PBXGroup;
			children = (
				071DEA242AB8756D00C78E30 /* Constants.swift */,
			);
			path = Utils;
			sourceTree = "<group>";
		};
		07DE63142AA77A85003C9537 = {
			isa = PBXGroup;
			children = (
				07DE638C2AAA2E52003C9537 /* Packages */,
				07DE631F2AA77A85003C9537 /* InstagramClone */,
				07DE631E2AA77A85003C9537 /* Products */,
			);
			sourceTree = "<group>";
		};
		07DE631E2AA77A85003C9537 /* Products */ = {
			isa = PBXGroup;
			children = (
				07DE631D2AA77A85003C9537 /* InstagramClone.app */,
			);
			name = Products;
			sourceTree = "<group>";
		};
		07DE631F2AA77A85003C9537 /* InstagramClone */ = {
			isa = PBXGroup;
			children = (
				07DE63322AA77DB6003C9537 /* App */,
				07DE63312AA77DB3003C9537 /* Core */,
				07DE63302AA77DAC003C9537 /* Extensions */,
				07DE632F2AA77DA7003C9537 /* Model */,
				07DE632E2AA77A96003C9537 /* Services */,
				071DEA232AB8755200C78E30 /* Utils */,
				07DE63242AA77A85003C9537 /* Assets.xcassets */,
				07DE63662AA8DA79003C9537 /* GoogleService-Info.plist */,
				07DE63262AA77A85003C9537 /* Preview Content */,
			);
			path = InstagramClone;
			sourceTree = "<group>";
		};
		07DE63262AA77A85003C9537 /* Preview Content */ = {
			isa = PBXGroup;
			children = (
				07DE63642AA8DA56003C9537 /* GoogleService-Info.plist */,
				07DE63272AA77A85003C9537 /* Preview Assets.xcassets */,
			);
			path = "Preview Content";
			sourceTree = "<group>";
		};
		07DE632E2AA77A96003C9537 /* Services */ = {
			isa = PBXGroup;
			children = (
				07DE637E2AA9109B003C9537 /* UserService.swift */,
				07DE638A2AA96FB5003C9537 /* ImageUploader.swift */,
				07DE63992AAA61AB003C9537 /* PostService.swift */,
			);
			path = Services;
			sourceTree = "<group>";
		};
		07DE632F2AA77DA7003C9537 /* Model */ = {
			isa = PBXGroup;
			children = (
				07DE63562AA7C87D003C9537 /* User.swift */,
				07DE635A2AA89398003C9537 /* Post.swift */,
				071DEA282ABFA22F00C78E30 /* UserListConfig.swift */,
			);
			path = Model;
			sourceTree = "<group>";
		};
		07DE63302AA77DAC003C9537 /* Extensions */ = {
			isa = PBXGroup;
			children = (
				07FDD5BC2AB4CA8C0030AE1F /* DeveloperPreview.swift */,
				071DEA212AB8740300C78E30 /* Timestamp.swift */,
			);
			path = Extensions;
			sourceTree = "<group>";
		};
		07DE63312AA77DB3003C9537 /* Core */ = {
			isa = PBXGroup;
			children = (
				07DE63332AA77DEA003C9537 /* Authentication */,
				07FDD5A72AB3D7BA0030AE1F /* Comments */,
				07DE633E2AA786DB003C9537 /* Components */,
				07DE63342AA77DF5003C9537 /* Feed */,
				07DE63352AA77DFC003C9537 /* Profile */,
				07DE63362AA77E02003C9537 /* Root */,
				07DE63372AA77E09003C9537 /* Search */,
				07DE63382AA77E5E003C9537 /* TabBar */,
				07DE63392AA77E70003C9537 /* UploadPost */,
			);
			path = Core;
			sourceTree = "<group>";
		};
		07DE63322AA77DB6003C9537 /* App */ = {
			isa = PBXGroup;
			children = (
				07DE63202AA77A85003C9537 /* InstagramCloneApp.swift */,
			);
			path = App;
			sourceTree = "<group>";
		};
		07DE63332AA77DEA003C9537 /* Authentication */ = {
			isa = PBXGroup;
			children = (
				07DE63712AA8DD52003C9537 /* View */,
				07DE63792AA8E2A8003C9537 /* ViewModel */,
				07DE63722AA8DD92003C9537 /* Service */,
			);
			path = Authentication;
			sourceTree = "<group>";
		};
		07DE63342AA77DF5003C9537 /* Feed */ = {
			isa = PBXGroup;
			children = (
				07DE63962AAA41B3003C9537 /* View */,
				07DE63952AAA41AC003C9537 /* ViewModel */,
			);
			path = Feed;
			sourceTree = "<group>";
		};
		07DE63352AA77DFC003C9537 /* Profile */ = {
			isa = PBXGroup;
			children = (
				07DE63882AA965EA003C9537 /* View */,
				07DE63892AA96604003C9537 /* ViewModel */,
			);
			path = Profile;
			sourceTree = "<group>";
		};
		07DE63362AA77E02003C9537 /* Root */ = {
			isa = PBXGroup;
			children = (
				07DE63762AA8DED4003C9537 /* ViewModel */,
				07DE63752AA8DECC003C9537 /* View */,
			);
			path = Root;
			sourceTree = "<group>";
		};
		07DE63372AA77E09003C9537 /* Search */ = {
			isa = PBXGroup;
			children = (
				07DE63802AA9115A003C9537 /* View */,
				07DE63812AA9115F003C9537 /* ViewModel */,
			);
			path = Search;
			sourceTree = "<group>";
		};
		07DE63382AA77E5E003C9537 /* TabBar */ = {
			isa = PBXGroup;
			children = (
				07DE633A2AA77ECD003C9537 /* MainTabView.swift */,
			);
			path = TabBar;
			sourceTree = "<group>";
		};
		07DE63392AA77E70003C9537 /* UploadPost */ = {
			isa = PBXGroup;
			children = (
				07DE63942AAA3CCA003C9537 /* View */,
				07DE63932AAA3CC1003C9537 /* ViewModel */,
			);
			path = UploadPost;
			sourceTree = "<group>";
		};
		07DE633E2AA786DB003C9537 /* Components */ = {
			isa = PBXGroup;
			children = (
				07DE639C2AAA6491003C9537 /* ViewModel */,
				07DE639B2AAA647B003C9537 /* View */,
			);
			path = Components;
			sourceTree = "<group>";
		};
		07DE63712AA8DD52003C9537 /* View */ = {
			isa = PBXGroup;
			children = (
				07DE63472AA79932003C9537 /* LoginView.swift */,
				07DE63492AA79DE0003C9537 /* AddEmailView.swift */,
				07DE63502AA7C124003C9537 /* CreateUsernameView.swift */,
				07DE63522AA7C34F003C9537 /* CreatePasswordView.swift */,
				07DE63542AA7C4CF003C9537 /* CompleteSignUpView.swift */,
			);
			path = View;
			sourceTree = "<group>";
		};
		07DE63722AA8DD92003C9537 /* Service */ = {
			isa = PBXGroup;
			children = (
				07DE63732AA8DDB1003C9537 /* AuthService.swift */,
			);
			path = Service;
			sourceTree = "<group>";
		};
		07DE63752AA8DECC003C9537 /* View */ = {
			isa = PBXGroup;
			children = (
				07DE63222AA77A85003C9537 /* ContentView.swift */,
			);
			path = View;
			sourceTree = "<group>";
		};
		07DE63762AA8DED4003C9537 /* ViewModel */ = {
			isa = PBXGroup;
			children = (
				07DE63772AA8DF06003C9537 /* ContentViewModel.swift */,
			);
			path = ViewModel;
			sourceTree = "<group>";
		};
		07DE63792AA8E2A8003C9537 /* ViewModel */ = {
			isa = PBXGroup;
			children = (
				07DE637A2AA8E327003C9537 /* RegistrationViewModel.swift */,
				07DE637C2AA8FCF1003C9537 /* LoginViewModel.swift */,
			);
			path = ViewModel;
			sourceTree = "<group>";
		};
		07DE63802AA9115A003C9537 /* View */ = {
			isa = PBXGroup;
			children = (
				07DE63452AA79605003C9537 /* SearchView.swift */,
			);
			path = View;
			sourceTree = "<group>";
		};
		07DE63812AA9115F003C9537 /* ViewModel */ = {
			isa = PBXGroup;
			children = (
				07DE63822AA911AF003C9537 /* SearchViewModel.swift */,
			);
			path = ViewModel;
			sourceTree = "<group>";
		};
		07DE63882AA965EA003C9537 /* View */ = {
			isa = PBXGroup;
			children = (
				07DE63842AA95E14003C9537 /* EditProfileView.swift */,
				07DE635E2AA8A1EE003C9537 /* ProfileHeaderView.swift */,
				07DE63582AA7D19D003C9537 /* CurrentUserProfileView.swift */,
				07DE633C2AA780A0003C9537 /* ProfileView.swift */,
			);
			path = View;
			sourceTree = "<group>";
		};
		07DE63892AA96604003C9537 /* ViewModel */ = {
			isa = PBXGroup;
			children = (
				07DE63862AA965E5003C9537 /* EditProfileViewModel.swift */,
				071DEA262AB8BCD900C78E30 /* ProfileViewModel.swift */,
			);
			path = ViewModel;
			sourceTree = "<group>";
		};
		07DE638C2AAA2E52003C9537 /* Packages */ = {
			isa = PBXGroup;
			children = (
			);
			name = Packages;
			sourceTree = "<group>";
		};
		07DE63932AAA3CC1003C9537 /* ViewModel */ = {
			isa = PBXGroup;
			children = (
				07DE63622AA8B626003C9537 /* UploadPostViewModel.swift */,
			);
			path = ViewModel;
			sourceTree = "<group>";
		};
		07DE63942AAA3CCA003C9537 /* View */ = {
			isa = PBXGroup;
			children = (
				07DE63602AA8A37B003C9537 /* UploadPostView.swift */,
			);
			path = View;
			sourceTree = "<group>";
		};
		07DE63952AAA41AC003C9537 /* ViewModel */ = {
			isa = PBXGroup;
			children = (
				07DE63972AAA41D8003C9537 /* FeedViewModel.swift */,
				07FBC30A2AB20F6500063EFF /* FeedCellViewModel.swift */,
			);
			path = ViewModel;
			sourceTree = "<group>";
		};
		07DE63962AAA41B3003C9537 /* View */ = {
			isa = PBXGroup;
			children = (
				07DE63432AA78E55003C9537 /* FeedCell.swift */,
				07DE63412AA78E40003C9537 /* FeedView.swift */,
			);
			path = View;
			sourceTree = "<group>";
		};
		07DE639B2AAA647B003C9537 /* View */ = {
			isa = PBXGroup;
			children = (
				07DE633F2AA786FB003C9537 /* UserStatView.swift */,
				07DE634E2AA7C01D003C9537 /* IGTextFieldModifier.swift */,
				07DE635C2AA89E36003C9537 /* PostGridView.swift */,
				07DE63912AAA35F9003C9537 /* CircularProfileImageView.swift */,
				071DEA2C2ABFAA6100C78E30 /* UserListView.swift */,
			);
			path = View;
			sourceTree = "<group>";
		};
		07DE639C2AAA6491003C9537 /* ViewModel */ = {
			isa = PBXGroup;
			children = (
				07DE639D2AAA64B9003C9537 /* PostGridViewModel.swift */,
				071DEA302ABFAB1A00C78E30 /* UserListViewModel.swift */,
			);
			path = ViewModel;
			sourceTree = "<group>";
		};
		07FDD5A72AB3D7BA0030AE1F /* Comments */ = {
			isa = PBXGroup;
			children = (
				07FDD5A82AB3D7C80030AE1F /* Model */,
				07FDD5AD2AB3D80C0030AE1F /* Service */,
				07FDD5AB2AB3D7FA0030AE1F /* View */,
				07FDD5AC2AB3D8040030AE1F /* ViewModel */,
			);
			path = Comments;
			sourceTree = "<group>";
		};
		07FDD5A82AB3D7C80030AE1F /* Model */ = {
			isa = PBXGroup;
			children = (
				07FDD5B62AB49DCE0030AE1F /* Comment.swift */,
			);
			path = Model;
			sourceTree = "<group>";
		};
		07FDD5AB2AB3D7FA0030AE1F /* View */ = {
			isa = PBXGroup;
			children = (
				07FDD5B22AB3D8D90030AE1F /* CommentCell.swift */,
				07FDD5B42AB3DA110030AE1F /* CommentsView.swift */,
				07FDD5BA2AB49EF60030AE1F /* CommentsViewModel.swift */,
			);
			path = View;
			sourceTree = "<group>";
		};
		07FDD5AC2AB3D8040030AE1F /* ViewModel */ = {
			isa = PBXGroup;
			children = (
			);
			path = ViewModel;
			sourceTree = "<group>";
		};
		07FDD5AD2AB3D80C0030AE1F /* Service */ = {
			isa = PBXGroup;
			children = (
				07FDD5B82AB49EE50030AE1F /* CommentService.swift */,
			);
			path = Service;
			sourceTree = "<group>";
		};
/* End PBXGroup section */

/* Begin PBXNativeTarget section */
		07DE631C2AA77A85003C9537 /* InstagramClone */ = {
			isa = PBXNativeTarget;
			buildConfigurationList = 07DE632B2AA77A85003C9537 /* Build configuration list for PBXNativeTarget "InstagramClone" */;
			buildPhases = (
				07DE63192AA77A85003C9537 /* Sources */,
				07DE631A2AA77A85003C9537 /* Frameworks */,
				07DE631B2AA77A85003C9537 /* Resources */,
			);
			buildRules = (
			);
			dependencies = (
			);
			name = InstagramClone;
			packageProductDependencies = (
				07DE63692AA8DB9D003C9537 /* FirebaseAuth */,
				07DE636B2AA8DB9D003C9537 /* FirebaseFirestore */,
				07DE636D2AA8DB9D003C9537 /* FirebaseFirestoreSwift */,
				07DE636F2AA8DB9D003C9537 /* FirebaseStorage */,
				07DE638F2AAA2FAC003C9537 /* Kingfisher */,
			);
			productName = InstagramClone;
			productReference = 07DE631D2AA77A85003C9537 /* InstagramClone.app */;
			productType = "com.apple.product-type.application";
		};
/* End PBXNativeTarget section */

/* Begin PBXProject section */
		07DE63152AA77A85003C9537 /* Project object */ = {
			isa = PBXProject;
			attributes = {
				BuildIndependentTargetsInParallel = 1;
				LastSwiftUpdateCheck = 1420;
				LastUpgradeCheck = 1420;
				TargetAttributes = {
					07DE631C2AA77A85003C9537 = {
						CreatedOnToolsVersion = 14.2;
					};
				};
			};
			buildConfigurationList = 07DE63182AA77A85003C9537 /* Build configuration list for PBXProject "InstagramClone" */;
			compatibilityVersion = "Xcode 14.0";
			developmentRegion = en;
			hasScannedForEncodings = 0;
			knownRegions = (
				en,
				Base,
			);
			mainGroup = 07DE63142AA77A85003C9537;
			packageReferences = (
				07DE63682AA8DB9D003C9537 /* XCRemoteSwiftPackageReference "firebase-ios-sdk" */,
				07DE638E2AAA2FAC003C9537 /* XCRemoteSwiftPackageReference "Kingfisher" */,
			);
			productRefGroup = 07DE631E2AA77A85003C9537 /* Products */;
			projectDirPath = "";
			projectRoot = "";
			targets = (
				07DE631C2AA77A85003C9537 /* InstagramClone */,
			);
		};
/* End PBXProject section */

/* Begin PBXResourcesBuildPhase section */
		07DE631B2AA77A85003C9537 /* Resources */ = {
			isa = PBXResourcesBuildPhase;
			buildActionMask = 2147483647;
			files = (
				07DE63282AA77A85003C9537 /* Preview Assets.xcassets in Resources */,
				07DE63672AA8DA79003C9537 /* GoogleService-Info.plist in Resources */,
				07DE63252AA77A85003C9537 /* Assets.xcassets in Resources */,
				07DE63652AA8DA56003C9537 /* GoogleService-Info.plist in Resources */,
			);
			runOnlyForDeploymentPostprocessing = 0;
		};
/* End PBXResourcesBuildPhase section */

/* Begin PBXSourcesBuildPhase section */
		07DE63192AA77A85003C9537 /* Sources */ = {
			isa = PBXSourcesBuildPhase;
			buildActionMask = 2147483647;
			files = (
				071DEA292ABFA22F00C78E30 /* UserListConfig.swift in Sources */,
				071DEA222AB8740400C78E30 /* Timestamp.swift in Sources */,
				07DE63442AA78E55003C9537 /* FeedCell.swift in Sources */,
				07DE63612AA8A37B003C9537 /* UploadPostView.swift in Sources */,
				07DE633D2AA780A0003C9537 /* ProfileView.swift in Sources */,
				07DE63232AA77A85003C9537 /* ContentView.swift in Sources */,
				07DE63482AA79932003C9537 /* LoginView.swift in Sources */,
				07DE63872AA965E5003C9537 /* EditProfileViewModel.swift in Sources */,
				07DE63742AA8DDB1003C9537 /* AuthService.swift in Sources */,
				071DEA252AB8756D00C78E30 /* Constants.swift in Sources */,
				07FDD5B32AB3D8D90030AE1F /* CommentCell.swift in Sources */,
				071DEA312ABFAB1A00C78E30 /* UserListViewModel.swift in Sources */,
				07DE637F2AA9109B003C9537 /* UserService.swift in Sources */,
				07DE635B2AA89398003C9537 /* Post.swift in Sources */,
				07DE63212AA77A85003C9537 /* InstagramCloneApp.swift in Sources */,
				07DE63592AA7D19D003C9537 /* CurrentUserProfileView.swift in Sources */,
				07DE634A2AA79DE0003C9537 /* AddEmailView.swift in Sources */,
				07DE635D2AA89E36003C9537 /* PostGridView.swift in Sources */,
				071DEA2D2ABFAA6100C78E30 /* UserListView.swift in Sources */,
				07DE63512AA7C124003C9537 /* CreateUsernameView.swift in Sources */,
				07FDD5BD2AB4CA8C0030AE1F /* DeveloperPreview.swift in Sources */,
				071DEA272AB8BCD900C78E30 /* ProfileViewModel.swift in Sources */,
				07DE63982AAA41D8003C9537 /* FeedViewModel.swift in Sources */,
				07DE63782AA8DF06003C9537 /* ContentViewModel.swift in Sources */,
				07FBC30B2AB20F6500063EFF /* FeedCellViewModel.swift in Sources */,
				07DE639A2AAA61AB003C9537 /* PostService.swift in Sources */,
				07FDD5B92AB49EE50030AE1F /* CommentService.swift in Sources */,
				07FDD5BB2AB49EF60030AE1F /* CommentsViewModel.swift in Sources */,
				07DE63852AA95E14003C9537 /* EditProfileView.swift in Sources */,
				07DE639E2AAA64B9003C9537 /* PostGridViewModel.swift in Sources */,
				07DE637D2AA8FCF1003C9537 /* LoginViewModel.swift in Sources */,
				07DE638B2AA96FB5003C9537 /* ImageUploader.swift in Sources */,
				07DE637B2AA8E327003C9537 /* RegistrationViewModel.swift in Sources */,
				07DE63632AA8B626003C9537 /* UploadPostViewModel.swift in Sources */,
				07DE635F2AA8A1EE003C9537 /* ProfileHeaderView.swift in Sources */,
				07DE63552AA7C4CF003C9537 /* CompleteSignUpView.swift in Sources */,
				07DE63572AA7C87D003C9537 /* User.swift in Sources */,
				07DE63462AA79605003C9537 /* SearchView.swift in Sources */,
				07DE634F2AA7C01D003C9537 /* IGTextFieldModifier.swift in Sources */,
				07DE63402AA786FB003C9537 /* UserStatView.swift in Sources */,
				07FDD5B52AB3DA110030AE1F /* CommentsView.swift in Sources */,
				07DE63422AA78E40003C9537 /* FeedView.swift in Sources */,
				07DE63922AAA35F9003C9537 /* CircularProfileImageView.swift in Sources */,
				07DE63832AA911AF003C9537 /* SearchViewModel.swift in Sources */,
				07FDD5B72AB49DCE0030AE1F /* Comment.swift in Sources */,
				07DE633B2AA77ECD003C9537 /* MainTabView.swift in Sources */,
				07DE63532AA7C34F003C9537 /* CreatePasswordView.swift in Sources */,
			);
			runOnlyForDeploymentPostprocessing = 0;
		};
/* End PBXSourcesBuildPhase section */

/* Begin XCBuildConfiguration section */
		07DE63292AA77A85003C9537 /* Debug */ = {
			isa = XCBuildConfiguration;
			buildSettings = {
				ALWAYS_SEARCH_USER_PATHS = NO;
				CLANG_ANALYZER_NONNULL = YES;
				CLANG_ANALYZER_NUMBER_OBJECT_CONVERSION = YES_AGGRESSIVE;
				CLANG_CXX_LANGUAGE_STANDARD = "gnu++20";
				CLANG_ENABLE_MODULES = YES;
				CLANG_ENABLE_OBJC_ARC = YES;
				CLANG_ENABLE_OBJC_WEAK = YES;
				CLANG_WARN_BLOCK_CAPTURE_AUTORELEASING = YES;
				CLANG_WARN_BOOL_CONVERSION = YES;
				CLANG_WARN_COMMA = YES;
				CLANG_WARN_CONSTANT_CONVERSION = YES;
				CLANG_WARN_DEPRECATED_OBJC_IMPLEMENTATIONS = YES;
				CLANG_WARN_DIRECT_OBJC_ISA_USAGE = YES_ERROR;
				CLANG_WARN_DOCUMENTATION_COMMENTS = YES;
				CLANG_WARN_EMPTY_BODY = YES;
				CLANG_WARN_ENUM_CONVERSION = YES;
				CLANG_WARN_INFINITE_RECURSION = YES;
				CLANG_WARN_INT_CONVERSION = YES;
				CLANG_WARN_NON_LITERAL_NULL_CONVERSION = YES;
				CLANG_WARN_OBJC_IMPLICIT_RETAIN_SELF = YES;
				CLANG_WARN_OBJC_LITERAL_CONVERSION = YES;
				CLANG_WARN_OBJC_ROOT_CLASS = YES_ERROR;
				CLANG_WARN_QUOTED_INCLUDE_IN_FRAMEWORK_HEADER = YES;
				CLANG_WARN_RANGE_LOOP_ANALYSIS = YES;
				CLANG_WARN_STRICT_PROTOTYPES = YES;
				CLANG_WARN_SUSPICIOUS_MOVE = YES;
				CLANG_WARN_UNGUARDED_AVAILABILITY = YES_AGGRESSIVE;
				CLANG_WARN_UNREACHABLE_CODE = YES;
				CLANG_WARN__DUPLICATE_METHOD_MATCH = YES;
				COPY_PHASE_STRIP = NO;
				DEBUG_INFORMATION_FORMAT = dwarf;
				ENABLE_STRICT_OBJC_MSGSEND = YES;
				ENABLE_TESTABILITY = YES;
				GCC_C_LANGUAGE_STANDARD = gnu11;
				GCC_DYNAMIC_NO_PIC = NO;
				GCC_NO_COMMON_BLOCKS = YES;
				GCC_OPTIMIZATION_LEVEL = 0;
				GCC_PREPROCESSOR_DEFINITIONS = (
					"DEBUG=1",
					"$(inherited)",
				);
				GCC_WARN_64_TO_32_BIT_CONVERSION = YES;
				GCC_WARN_ABOUT_RETURN_TYPE = YES_ERROR;
				GCC_WARN_UNDECLARED_SELECTOR = YES;
				GCC_WARN_UNINITIALIZED_AUTOS = YES_AGGRESSIVE;
				GCC_WARN_UNUSED_FUNCTION = YES;
				GCC_WARN_UNUSED_VARIABLE = YES;
				IPHONEOS_DEPLOYMENT_TARGET = 16.2;
				MTL_ENABLE_DEBUG_INFO = INCLUDE_SOURCE;
				MTL_FAST_MATH = YES;
				ONLY_ACTIVE_ARCH = YES;
				SDKROOT = iphoneos;
				SWIFT_ACTIVE_COMPILATION_CONDITIONS = DEBUG;
				SWIFT_OPTIMIZATION_LEVEL = "-Onone";
			};
			name = Debug;
		};
		07DE632A2AA77A85003C9537 /* Release */ = {
			isa = XCBuildConfiguration;
			buildSettings = {
				ALWAYS_SEARCH_USER_PATHS = NO;
				CLANG_ANALYZER_NONNULL = YES;
				CLANG_ANALYZER_NUMBER_OBJECT_CONVERSION = YES_AGGRESSIVE;
				CLANG_CXX_LANGUAGE_STANDARD = "gnu++20";
				CLANG_ENABLE_MODULES = YES;
				CLANG_ENABLE_OBJC_ARC = YES;
				CLANG_ENABLE_OBJC_WEAK = YES;
				CLANG_WARN_BLOCK_CAPTURE_AUTORELEASING = YES;
				CLANG_WARN_BOOL_CONVERSION = YES;
				CLANG_WARN_COMMA = YES;
				CLANG_WARN_CONSTANT_CONVERSION = YES;
				CLANG_WARN_DEPRECATED_OBJC_IMPLEMENTATIONS = YES;
				CLANG_WARN_DIRECT_OBJC_ISA_USAGE = YES_ERROR;
				CLANG_WARN_DOCUMENTATION_COMMENTS = YES;
				CLANG_WARN_EMPTY_BODY = YES;
				CLANG_WARN_ENUM_CONVERSION = YES;
				CLANG_WARN_INFINITE_RECURSION = YES;
				CLANG_WARN_INT_CONVERSION = YES;
				CLANG_WARN_NON_LITERAL_NULL_CONVERSION = YES;
				CLANG_WARN_OBJC_IMPLICIT_RETAIN_SELF = YES;
				CLANG_WARN_OBJC_LITERAL_CONVERSION = YES;
				CLANG_WARN_OBJC_ROOT_CLASS = YES_ERROR;
				CLANG_WARN_QUOTED_INCLUDE_IN_FRAMEWORK_HEADER = YES;
				CLANG_WARN_RANGE_LOOP_ANALYSIS = YES;
				CLANG_WARN_STRICT_PROTOTYPES = YES;
				CLANG_WARN_SUSPICIOUS_MOVE = YES;
				CLANG_WARN_UNGUARDED_AVAILABILITY = YES_AGGRESSIVE;
				CLANG_WARN_UNREACHABLE_CODE = YES;
				CLANG_WARN__DUPLICATE_METHOD_MATCH = YES;
				COPY_PHASE_STRIP = NO;
				DEBUG_INFORMATION_FORMAT = "dwarf-with-dsym";
				ENABLE_NS_ASSERTIONS = NO;
				ENABLE_STRICT_OBJC_MSGSEND = YES;
				GCC_C_LANGUAGE_STANDARD = gnu11;
				GCC_NO_COMMON_BLOCKS = YES;
				GCC_WARN_64_TO_32_BIT_CONVERSION = YES;
				GCC_WARN_ABOUT_RETURN_TYPE = YES_ERROR;
				GCC_WARN_UNDECLARED_SELECTOR = YES;
				GCC_WARN_UNINITIALIZED_AUTOS = YES_AGGRESSIVE;
				GCC_WARN_UNUSED_FUNCTION = YES;
				GCC_WARN_UNUSED_VARIABLE = YES;
				IPHONEOS_DEPLOYMENT_TARGET = 16.2;
				MTL_ENABLE_DEBUG_INFO = NO;
				MTL_FAST_MATH = YES;
				SDKROOT = iphoneos;
				SWIFT_COMPILATION_MODE = wholemodule;
				SWIFT_OPTIMIZATION_LEVEL = "-O";
				VALIDATE_PRODUCT = YES;
			};
			name = Release;
		};
		07DE632C2AA77A85003C9537 /* Debug */ = {
			isa = XCBuildConfiguration;
			buildSettings = {
				ASSETCATALOG_COMPILER_APPICON_NAME = AppIcon;
				ASSETCATALOG_COMPILER_GLOBAL_ACCENT_COLOR_NAME = AccentColor;
				CODE_SIGN_STYLE = Automatic;
				CURRENT_PROJECT_VERSION = 1;
				DEVELOPMENT_ASSET_PATHS = "\"InstagramClone/Preview Content\"";
				ENABLE_PREVIEWS = YES;
				GENERATE_INFOPLIST_FILE = YES;
				INFOPLIST_KEY_UIApplicationSceneManifest_Generation = YES;
				INFOPLIST_KEY_UIApplicationSupportsIndirectInputEvents = YES;
				INFOPLIST_KEY_UILaunchScreen_Generation = YES;
				INFOPLIST_KEY_UISupportedInterfaceOrientations_iPad = "UIInterfaceOrientationPortrait UIInterfaceOrientationPortraitUpsideDown UIInterfaceOrientationLandscapeLeft UIInterfaceOrientationLandscapeRight";
				INFOPLIST_KEY_UISupportedInterfaceOrientations_iPhone = "UIInterfaceOrientationPortrait UIInterfaceOrientationLandscapeLeft UIInterfaceOrientationLandscapeRight";
				LD_RUNPATH_SEARCH_PATHS = (
					"$(inherited)",
					"@executable_path/Frameworks",
				);
				MARKETING_VERSION = 1.0;
				PRODUCT_BUNDLE_IDENTIFIER = Zach.InstagramClone;
				PRODUCT_NAME = "$(TARGET_NAME)";
				SWIFT_EMIT_LOC_STRINGS = YES;
				SWIFT_VERSION = 5.0;
				TARGETED_DEVICE_FAMILY = "1,2";
			};
			name = Debug;
		};
		07DE632D2AA77A85003C9537 /* Release */ = {
			isa = XCBuildConfiguration;
			buildSettings = {
				ASSETCATALOG_COMPILER_APPICON_NAME = AppIcon;
				ASSETCATALOG_COMPILER_GLOBAL_ACCENT_COLOR_NAME = AccentColor;
				CODE_SIGN_STYLE = Automatic;
				CURRENT_PROJECT_VERSION = 1;
				DEVELOPMENT_ASSET_PATHS = "\"InstagramClone/Preview Content\"";
				ENABLE_PREVIEWS = YES;
				GENERATE_INFOPLIST_FILE = YES;
				INFOPLIST_KEY_UIApplicationSceneManifest_Generation = YES;
				INFOPLIST_KEY_UIApplicationSupportsIndirectInputEvents = YES;
				INFOPLIST_KEY_UILaunchScreen_Generation = YES;
				INFOPLIST_KEY_UISupportedInterfaceOrientations_iPad = "UIInterfaceOrientationPortrait UIInterfaceOrientationPortraitUpsideDown UIInterfaceOrientationLandscapeLeft UIInterfaceOrientationLandscapeRight";
				INFOPLIST_KEY_UISupportedInterfaceOrientations_iPhone = "UIInterfaceOrientationPortrait UIInterfaceOrientationLandscapeLeft UIInterfaceOrientationLandscapeRight";
				LD_RUNPATH_SEARCH_PATHS = (
					"$(inherited)",
					"@executable_path/Frameworks",
				);
				MARKETING_VERSION = 1.0;
				PRODUCT_BUNDLE_IDENTIFIER = Zach.InstagramClone;
				PRODUCT_NAME = "$(TARGET_NAME)";
				SWIFT_EMIT_LOC_STRINGS = YES;
				SWIFT_VERSION = 5.0;
				TARGETED_DEVICE_FAMILY = "1,2";
			};
			name = Release;
		};
/* End XCBuildConfiguration section */

/* Begin XCConfigurationList section */
		07DE63182AA77A85003C9537 /* Build configuration list for PBXProject "InstagramClone" */ = {
			isa = XCConfigurationList;
			buildConfigurations = (
				07DE63292AA77A85003C9537 /* Debug */,
				07DE632A2AA77A85003C9537 /* Release */,
			);
			defaultConfigurationIsVisible = 0;
			defaultConfigurationName = Release;
		};
		07DE632B2AA77A85003C9537 /* Build configuration list for PBXNativeTarget "InstagramClone" */ = {
			isa = XCConfigurationList;
			buildConfigurations = (
				07DE632C2AA77A85003C9537 /* Debug */,
				07DE632D2AA77A85003C9537 /* Release */,
			);
			defaultConfigurationIsVisible = 0;
			defaultConfigurationName = Release;
		};
/* End XCConfigurationList section */

/* Begin XCRemoteSwiftPackageReference section */
		07DE63682AA8DB9D003C9537 /* XCRemoteSwiftPackageReference "firebase-ios-sdk" */ = {
			isa = XCRemoteSwiftPackageReference;
			repositoryURL = "https://github.com/firebase/firebase-ios-sdk";
			requirement = {
				kind = upToNextMajorVersion;
				minimumVersion = 9.0.0;
			};
		};
		07DE638E2AAA2FAC003C9537 /* XCRemoteSwiftPackageReference "Kingfisher" */ = {
			isa = XCRemoteSwiftPackageReference;
			repositoryURL = "https://github.com/onevcat/Kingfisher.git";
			requirement = {
				kind = upToNextMajorVersion;
				minimumVersion = 7.0.0;
			};
		};
/* End XCRemoteSwiftPackageReference section */

/* Begin XCSwiftPackageProductDependency section */
		07DE63692AA8DB9D003C9537 /* FirebaseAuth */ = {
			isa = XCSwiftPackageProductDependency;
			package = 07DE63682AA8DB9D003C9537 /* XCRemoteSwiftPackageReference "firebase-ios-sdk" */;
			productName = FirebaseAuth;
		};
		07DE636B2AA8DB9D003C9537 /* FirebaseFirestore */ = {
			isa = XCSwiftPackageProductDependency;
			package = 07DE63682AA8DB9D003C9537 /* XCRemoteSwiftPackageReference "firebase-ios-sdk" */;
			productName = FirebaseFirestore;
		};
		07DE636D2AA8DB9D003C9537 /* FirebaseFirestoreSwift */ = {
			isa = XCSwiftPackageProductDependency;
			package = 07DE63682AA8DB9D003C9537 /* XCRemoteSwiftPackageReference "firebase-ios-sdk" */;
			productName = FirebaseFirestoreSwift;
		};
		07DE636F2AA8DB9D003C9537 /* FirebaseStorage */ = {
			isa = XCSwiftPackageProductDependency;
			package = 07DE63682AA8DB9D003C9537 /* XCRemoteSwiftPackageReference "firebase-ios-sdk" */;
			productName = FirebaseStorage;
		};
		07DE638F2AAA2FAC003C9537 /* Kingfisher */ = {
			isa = XCSwiftPackageProductDependency;
			package = 07DE638E2AAA2FAC003C9537 /* XCRemoteSwiftPackageReference "Kingfisher" */;
			productName = Kingfisher;
		};
/* End XCSwiftPackageProductDependency section */
	};
	rootObject = 07DE63152AA77A85003C9537 /* Project object */;
}
